{
  "name": "LP_EG",
  "lockfileVersion": 2,
  "requires": true,
  "packages": {
    "": {
      "dependencies": {
        "nact": "^7.6.0"
      }
    },
    "node_modules/denque": {
      "version": "1.5.1",
      "resolved": "https://registry.npmjs.org/denque/-/denque-1.5.1.tgz",
      "integrity": "sha512-XwE+iZ4D6ZUB7mfYRMb5wByE8L74HCn30FBN7sWnXksWc1LO1bPDl67pBR9o/kC4z/xSNAwkMYcGgqDV3BE3Hw==",
      "engines": {
        "node": ">=0.10"
      }
    },
    "node_modules/nact": {
      "version": "7.6.0",
      "resolved": "https://registry.npmjs.org/nact/-/nact-7.6.0.tgz",
      "integrity": "sha512-0UghRQyNUMWLSwPIi7cyp3MXUtMpZLRaSG3bjqEfWO9OxZoUIAMh59raKeoTfnZ33B50CLg3RefXHLQr3kvgmQ==",
      "dependencies": {
        "denque": "^1.2.3"
      }
    }
  },
  "dependencies": {
    "denque": {
      "version": "1.5.1",
      "resolved": "https://registry.npmjs.org/denque/-/denque-1.5.1.tgz",
      "integrity": "sha512-XwE+iZ4D6ZUB7mfYRMb5wByE8L74HCn30FBN7sWnXksWc1LO1bPDl67pBR9o/kC4z/xSNAwkMYcGgqDV3BE3Hw=="
    },
    "nact": {
      "version": "7.6.0",
      "resolved": "https://registry.npmjs.org/nact/-/nact-7.6.0.tgz",
      "integrity": "sha512-0UghRQyNUMWLSwPIi7cyp3MXUtMpZLRaSG3bjqEfWO9OxZoUIAMh59raKeoTfnZ33B50CLg3RefXHLQr3kvgmQ==",
      "requires": {
        "denque": "^1.2.3"
      }
    }
  }
}
